Microsoft Visual Studio Solution File, Format Version 11.00
# Visual Studio 2008

Project("{E1F407B4-AC4B-F9C0-08E2-6AE2C1B067F9}") = "skybox", "Assembly-CSharp-firstpass.csproj", "{19751690-D529-B1D9-4397-49097C64AD88}"
EndProject
Project("{E1F407B4-AC4B-F9C0-08E2-6AE2C1B067F9}") = "skybox", "Assembly-CSharp.csproj", "{BEAEE6E2-C702-6476-1D0A-05856AE79E72}"
EndProject
Project("{E1F407B4-AC4B-F9C0-08E2-6AE2C1B067F9}") = "skybox", "Assembly-UnityScript-firstpass.unityproj", "{3CD7ECEF-29AB-F216-9908-BD3A8DDAB295}"
EndProject
Global
	GlobalSection(SolutionConfigurationPlatforms) = preSolution
		Debug|Any CPU = Debug|Any CPU
		Release|Any CPU = Release|Any CPU
	EndGlobalSection
	GlobalSection(ProjectConfigurationPlatforms) = postSolution
		{19751690-D529-B1D9-4397-49097C64AD88}.Debug|Any CPU.ActiveCfg = Debug|Any CPU
		{19751690-D529-B1D9-4397-49097C64AD88}.Debug|Any CPU.Build.0 = Debug|Any CPU
		{19751690-D529-B1D9-4397-49097C64AD88}.Release|Any CPU.ActiveCfg = Release|Any CPU
		{19751690-D529-B1D9-4397-49097C64AD88}.Release|Any CPU.Build.0 = Release|Any CPU
		{BEAEE6E2-C702-6476-1D0A-05856AE79E72}.Debug|Any CPU.ActiveCfg = Debug|Any CPU
		{BEAEE6E2-C702-6476-1D0A-05856AE79E72}.Debug|Any CPU.Build.0 = Debug|Any CPU
		{BEAEE6E2-C702-6476-1D0A-05856AE79E72}.Release|Any CPU.ActiveCfg = Release|Any CPU
		{BEAEE6E2-C702-6476-1D0A-05856AE79E72}.Release|Any CPU.Build.0 = Release|Any CPU
		{3CD7ECEF-29AB-F216-9908-BD3A8DDAB295}.Debug|Any CPU.ActiveCfg = Debug|Any CPU
		{3CD7ECEF-29AB-F216-9908-BD3A8DDAB295}.Debug|Any CPU.Build.0 = Debug|Any CPU
		{3CD7ECEF-29AB-F216-9908-BD3A8DDAB295}.Release|Any CPU.ActiveCfg = Release|Any CPU
		{3CD7ECEF-29AB-F216-9908-BD3A8DDAB295}.Release|Any CPU.Build.0 = Release|Any CPU
	EndGlobalSection
	GlobalSection(SolutionProperties) = preSolution
		HideSolutionNode = FALSE
	EndGlobalSection
				GlobalSection(MonoDevelopProperties) = preSolution
		StartupItem = Assembly-CSharp.csproj
		Policies = $0
		$0.TextStylePolicy = $1
		$1.inheritsSet = null
		$1.scope = text/x-csharp
		$0.CSharpFormattingPolicy = $2
		$2.inheritsSet = Mono
		$2.inheritsScope = text/x-csharp
		$2.scope = text/x-csharp
		$0.TextStylePolicy = $3
		$3.FileWidth = 120
		$3.TabWidth = 4
		$3.EolMarker = Unix
		$3.inheritsSet = Mono
		$3.inheritsScope = text/plain
		$3.scope = text/plain
	EndGlobalSection

EndGlobal
